
Microsoft Visual Studio Solution File, Format Version 12.00
# Visual Studio Version 17
VisualStudioVersion = 17.2.32630.192
MinimumVisualStudioVersion = 10.0.40219.1
Project("{9A19103F-16F7-4668-BE54-9A1E7A4F7556}") = "Presentation", "Web\Presentation.csproj", "{51891CBD-9864-4293-82D3-53A1A494B734}"
EndProject
Project("{9A19103F-16F7-4668-BE54-9A1E7A4F7556}") = "DAL", "DAL\DAL.csproj", "{CED5949C-01BD-4C1C-9820-275E80F565F1}"
EndProject
Project("{9A19103F-16F7-4668-BE54-9A1E7A4F7556}") = "BLL", "BLL\BLL.csproj", "{2D707B66-2C8C-4092-BFB2-7C357AFF9814}"
EndProject
Project("{2150E333-8FDC-42A3-9474-1A3956D46DE8}") = "src", "src", "{AEACAACC-240A-4645-92B0-AEC3598305A5}"
EndProject
Project("{2150E333-8FDC-42A3-9474-1A3956D46DE8}") = "Tests", "Tests", "{43955392-AEEF-492F-A917-EFAB8C5F8B58}"
EndProject
Project("{9A19103F-16F7-4668-BE54-9A1E7A4F7556}") = "DAL.Tests", "DAL.Tests\DAL.Tests.csproj", "{47617B7A-DBCF-4384-A94E-418F47A04D1A}"
EndProject
Project("{FAE04EC0-301F-11D3-BF4B-00C04F79EFBC}") = "BLL.Tests", "BLL.Tests\BLL.Tests.csproj", "{613582DC-4D5B-4ED2-9BB0-899063670C81}"
EndProject
Global
	GlobalSection(SolutionConfigurationPlatforms) = preSolution
		Debug|Any CPU = Debug|Any CPU
		Release|Any CPU = Release|Any CPU
	EndGlobalSection
	GlobalSection(ProjectConfigurationPlatforms) = postSolution
		{51891CBD-9864-4293-82D3-53A1A494B734}.Debug|Any CPU.ActiveCfg = Debug|Any CPU
		{51891CBD-9864-4293-82D3-53A1A494B734}.Debug|Any CPU.Build.0 = Debug|Any CPU
		{51891CBD-9864-4293-82D3-53A1A494B734}.Release|Any CPU.ActiveCfg = Release|Any CPU
		{51891CBD-9864-4293-82D3-53A1A494B734}.Release|Any CPU.Build.0 = Release|Any CPU
		{CED5949C-01BD-4C1C-9820-275E80F565F1}.Debug|Any CPU.ActiveCfg = Debug|Any CPU
		{CED5949C-01BD-4C1C-9820-275E80F565F1}.Debug|Any CPU.Build.0 = Debug|Any CPU
		{CED5949C-01BD-4C1C-9820-275E80F565F1}.Release|Any CPU.ActiveCfg = Release|Any CPU
		{CED5949C-01BD-4C1C-9820-275E80F565F1}.Release|Any CPU.Build.0 = Release|Any CPU
		{2D707B66-2C8C-4092-BFB2-7C357AFF9814}.Debug|Any CPU.ActiveCfg = Debug|Any CPU
		{2D707B66-2C8C-4092-BFB2-7C357AFF9814}.Debug|Any CPU.Build.0 = Debug|Any CPU
		{2D707B66-2C8C-4092-BFB2-7C357AFF9814}.Release|Any CPU.ActiveCfg = Release|Any CPU
		{2D707B66-2C8C-4092-BFB2-7C357AFF9814}.Release|Any CPU.Build.0 = Release|Any CPU
		{47617B7A-DBCF-4384-A94E-418F47A04D1A}.Debug|Any CPU.ActiveCfg = Debug|Any CPU
		{47617B7A-DBCF-4384-A94E-418F47A04D1A}.Debug|Any CPU.Build.0 = Debug|Any CPU
		{47617B7A-DBCF-4384-A94E-418F47A04D1A}.Release|Any CPU.ActiveCfg = Release|Any CPU
		{47617B7A-DBCF-4384-A94E-418F47A04D1A}.Release|Any CPU.Build.0 = Release|Any CPU
		{613582DC-4D5B-4ED2-9BB0-899063670C81}.Debug|Any CPU.ActiveCfg = Debug|Any CPU
		{613582DC-4D5B-4ED2-9BB0-899063670C81}.Debug|Any CPU.Build.0 = Debug|Any CPU
		{613582DC-4D5B-4ED2-9BB0-899063670C81}.Release|Any CPU.ActiveCfg = Release|Any CPU
		{613582DC-4D5B-4ED2-9BB0-899063670C81}.Release|Any CPU.Build.0 = Release|Any CPU
	EndGlobalSection
	GlobalSection(SolutionProperties) = preSolution
		HideSolutionNode = FALSE
	EndGlobalSection
	GlobalSection(NestedProjects) = preSolution
		{51891CBD-9864-4293-82D3-53A1A494B734} = {AEACAACC-240A-4645-92B0-AEC3598305A5}
		{CED5949C-01BD-4C1C-9820-275E80F565F1} = {AEACAACC-240A-4645-92B0-AEC3598305A5}
		{2D707B66-2C8C-4092-BFB2-7C357AFF9814} = {AEACAACC-240A-4645-92B0-AEC3598305A5}
		{47617B7A-DBCF-4384-A94E-418F47A04D1A} = {43955392-AEEF-492F-A917-EFAB8C5F8B58}
		{613582DC-4D5B-4ED2-9BB0-899063670C81} = {43955392-AEEF-492F-A917-EFAB8C5F8B58}
	EndGlobalSection
	GlobalSection(ExtensibilityGlobals) = postSolution
		SolutionGuid = {B2D22EA9-4C5A-4723-BE27-7BCDA36B47A0}
	EndGlobalSection
EndGlobal
